
Microsoft Visual Studio Solution File, Format Version 12.00
# Visual Studio Version 16
VisualStudioVersion = 16.0.31727.386
MinimumVisualStudioVersion = 10.0.40219.1
Project("{9A19103F-16F7-4668-BE54-9A1E7A4F7556}") = "assignment1", "assignment1\assignment1.csproj", "{FB78BAA9-0212-4249-9C7A-255D0A21C575}"
EndProject
Project("{9A19103F-16F7-4668-BE54-9A1E7A4F7556}") = "assignment2", "assignment2\assignment2.csproj", "{9E6A79ED-EDD3-4D71-944D-8684AB11BE1E}"
EndProject
Project("{9A19103F-16F7-4668-BE54-9A1E7A4F7556}") = "assignment3", "assignment3\assignment3.csproj", "{4FCFF790-C4D3-4D09-8415-921705ED4379}"
EndProject
Project("{9A19103F-16F7-4668-BE54-9A1E7A4F7556}") = "assignment5", "assignment5\assignment5.csproj", "{78B66998-EDDF-4625-8692-FB7B36BE07AD}"
EndProject
Project("{FAE04EC0-301F-11D3-BF4B-00C04F79EFBC}") = "assignment4", "assignment4\assignment4.csproj", "{8C966DE4-3C60-472A-8FA1-AE337C7B0141}"
EndProject
Global
	GlobalSection(SolutionConfigurationPlatforms) = preSolution
		Debug|Any CPU = Debug|Any CPU
		Release|Any CPU = Release|Any CPU
	EndGlobalSection
	GlobalSection(ProjectConfigurationPlatforms) = postSolution
		{FB78BAA9-0212-4249-9C7A-255D0A21C575}.Debug|Any CPU.ActiveCfg = Debug|Any CPU
		{FB78BAA9-0212-4249-9C7A-255D0A21C575}.Debug|Any CPU.Build.0 = Debug|Any CPU
		{FB78BAA9-0212-4249-9C7A-255D0A21C575}.Release|Any CPU.ActiveCfg = Release|Any CPU
		{FB78BAA9-0212-4249-9C7A-255D0A21C575}.Release|Any CPU.Build.0 = Release|Any CPU
		{9E6A79ED-EDD3-4D71-944D-8684AB11BE1E}.Debug|Any CPU.ActiveCfg = Debug|Any CPU
		{9E6A79ED-EDD3-4D71-944D-8684AB11BE1E}.Debug|Any CPU.Build.0 = Debug|Any CPU
		{9E6A79ED-EDD3-4D71-944D-8684AB11BE1E}.Release|Any CPU.ActiveCfg = Release|Any CPU
		{9E6A79ED-EDD3-4D71-944D-8684AB11BE1E}.Release|Any CPU.Build.0 = Release|Any CPU
		{4FCFF790-C4D3-4D09-8415-921705ED4379}.Debug|Any CPU.ActiveCfg = Debug|Any CPU
		{4FCFF790-C4D3-4D09-8415-921705ED4379}.Debug|Any CPU.Build.0 = Debug|Any CPU
		{4FCFF790-C4D3-4D09-8415-921705ED4379}.Release|Any CPU.ActiveCfg = Release|Any CPU
		{4FCFF790-C4D3-4D09-8415-921705ED4379}.Release|Any CPU.Build.0 = Release|Any CPU
		{78B66998-EDDF-4625-8692-FB7B36BE07AD}.Debug|Any CPU.ActiveCfg = Debug|Any CPU
		{78B66998-EDDF-4625-8692-FB7B36BE07AD}.Debug|Any CPU.Build.0 = Debug|Any CPU
		{78B66998-EDDF-4625-8692-FB7B36BE07AD}.Release|Any CPU.ActiveCfg = Release|Any CPU
		{78B66998-EDDF-4625-8692-FB7B36BE07AD}.Release|Any CPU.Build.0 = Release|Any CPU
		{8C966DE4-3C60-472A-8FA1-AE337C7B0141}.Debug|Any CPU.ActiveCfg = Debug|Any CPU
		{8C966DE4-3C60-472A-8FA1-AE337C7B0141}.Debug|Any CPU.Build.0 = Debug|Any CPU
		{8C966DE4-3C60-472A-8FA1-AE337C7B0141}.Release|Any CPU.ActiveCfg = Release|Any CPU
		{8C966DE4-3C60-472A-8FA1-AE337C7B0141}.Release|Any CPU.Build.0 = Release|Any CPU
	EndGlobalSection
	GlobalSection(SolutionProperties) = preSolution
		HideSolutionNode = FALSE
	EndGlobalSection
	GlobalSection(ExtensibilityGlobals) = postSolution
		SolutionGuid = {3B1F330F-D131-4BBC-8C05-8743161F278D}
	EndGlobalSection
EndGlobal
